
Microsoft Visual Studio Solution File, Format Version 12.00
# Visual Studio 15
Project("{FAE04EC0-301F-11D3-BF4B-00C04F79EFBC}") = "MovieAward", "MovieAward\MovieAward.csproj", "{66C8006F-3327-4671-A878-40BEC29C9D1B}"
EndProject
Project("{2150E333-8FDC-42A3-9474-1A3956D46DE8}") = "Solution Items", "Solution Items", "{8249C8B5-7A99-4E0D-BD60-CA74E63CF022}"
EndProject
Global
	GlobalSection(SolutionConfigurationPlatforms) = preSolution
		Debug|Any CPU = Debug|Any CPU
		Release|Any CPU = Release|Any CPU
	EndGlobalSection
	GlobalSection(ProjectConfigurationPlatforms) = postSolution
		{66C8006F-3327-4671-A878-40BEC29C9D1B}.Debug|Any CPU.ActiveCfg = Debug|Any CPU
		{66C8006F-3327-4671-A878-40BEC29C9D1B}.Debug|Any CPU.Build.0 = Debug|Any CPU
		{66C8006F-3327-4671-A878-40BEC29C9D1B}.Release|Any CPU.ActiveCfg = Release|Any CPU
		{66C8006F-3327-4671-A878-40BEC29C9D1B}.Release|Any CPU.Build.0 = Release|Any CPU
	EndGlobalSection
EndGlobal
